
Microsoft Visual Studio Solution File, Format Version 12.00
# Visual Studio 15
VisualStudioVersion = 15.0.27004.2009
MinimumVisualStudioVersion = 10.0.40219.1
Project("{2150E333-8FDC-42A3-9474-1A3956D46DE8}") = "Tests", "Tests", "{0D2B913C-BB39-4305-AB5F-DF140F0FCE59}"
EndProject
Project("{2150E333-8FDC-42A3-9474-1A3956D46DE8}") = "Source", "Source", "{839ED7F1-9099-4EBA-B80D-166216FB5A9F}"
EndProject
Project("{FAE04EC0-301F-11D3-BF4B-00C04F79EFBC}") = "Tavisca.CityTable.Manipulation.Core", "Tavisca.CityTable.Manipulation.Core\Tavisca.CityTable.Manipulation.Core.csproj", "{8A362B08-BE4C-4498-87FA-F9947576D52C}"
EndProject
Project("{FAE04EC0-301F-11D3-BF4B-00C04F79EFBC}") = "Tavisca.CityTable.Manipulation.Core.Test", "Tavisca.CityTable.Manipulation.Core.Test\Tavisca.CityTable.Manipulation.Core.Test.csproj", "{FE0C732E-19BB-4D4B-A635-FEE6DAF2A9A7}"
EndProject
Global
	GlobalSection(SolutionConfigurationPlatforms) = preSolution
		Debug|Any CPU = Debug|Any CPU
		Release|Any CPU = Release|Any CPU
	EndGlobalSection
	GlobalSection(ProjectConfigurationPlatforms) = postSolution
		{8A362B08-BE4C-4498-87FA-F9947576D52C}.Debug|Any CPU.ActiveCfg = Debug|Any CPU
		{8A362B08-BE4C-4498-87FA-F9947576D52C}.Debug|Any CPU.Build.0 = Debug|Any CPU
		{8A362B08-BE4C-4498-87FA-F9947576D52C}.Release|Any CPU.ActiveCfg = Release|Any CPU
		{8A362B08-BE4C-4498-87FA-F9947576D52C}.Release|Any CPU.Build.0 = Release|Any CPU
		{FE0C732E-19BB-4D4B-A635-FEE6DAF2A9A7}.Debug|Any CPU.ActiveCfg = Debug|Any CPU
		{FE0C732E-19BB-4D4B-A635-FEE6DAF2A9A7}.Debug|Any CPU.Build.0 = Debug|Any CPU
		{FE0C732E-19BB-4D4B-A635-FEE6DAF2A9A7}.Release|Any CPU.ActiveCfg = Release|Any CPU
		{FE0C732E-19BB-4D4B-A635-FEE6DAF2A9A7}.Release|Any CPU.Build.0 = Release|Any CPU
	EndGlobalSection
	GlobalSection(SolutionProperties) = preSolution
		HideSolutionNode = FALSE
	EndGlobalSection
	GlobalSection(NestedProjects) = preSolution
		{8A362B08-BE4C-4498-87FA-F9947576D52C} = {839ED7F1-9099-4EBA-B80D-166216FB5A9F}
		{FE0C732E-19BB-4D4B-A635-FEE6DAF2A9A7} = {0D2B913C-BB39-4305-AB5F-DF140F0FCE59}
	EndGlobalSection
	GlobalSection(ExtensibilityGlobals) = postSolution
		SolutionGuid = {1536F3DF-8A20-4C8E-811F-59066491DCD2}
	EndGlobalSection
EndGlobal
